
Microsoft Visual Studio Solution File, Format Version 12.00
# Visual Studio Version 17
VisualStudioVersion = 17.1.32228.430
MinimumVisualStudioVersion = 10.0.40219.1
Project("{FAE04EC0-301F-11D3-BF4B-00C04F79EFBC}") = "BMI-(if,else,else if)Vezba", "BMI-(if,else,else if)Vezba\BMI-(if,else,else if)Vezba.csproj", "{55295445-25A2-430D-908F-6D8D131D7E61}"
EndProject
Global
	GlobalSection(SolutionConfigurationPlatforms) = preSolution
		Debug|Any CPU = Debug|Any CPU
		Release|Any CPU = Release|Any CPU
	EndGlobalSection
	GlobalSection(ProjectConfigurationPlatforms) = postSolution
		{55295445-25A2-430D-908F-6D8D131D7E61}.Debug|Any CPU.ActiveCfg = Debug|Any CPU
		{55295445-25A2-430D-908F-6D8D131D7E61}.Debug|Any CPU.Build.0 = Debug|Any CPU
		{55295445-25A2-430D-908F-6D8D131D7E61}.Release|Any CPU.ActiveCfg = Release|Any CPU
		{55295445-25A2-430D-908F-6D8D131D7E61}.Release|Any CPU.Build.0 = Release|Any CPU
	EndGlobalSection
	GlobalSection(SolutionProperties) = preSolution
		HideSolutionNode = FALSE
	EndGlobalSection
	GlobalSection(ExtensibilityGlobals) = postSolution
		SolutionGuid = {A78C8F48-A246-41B5-99D7-51A218DF4D8A}
	EndGlobalSection
EndGlobal
